{
  "requires": true,
  "lockfileVersion": 1,
  "dependencies": {
    "mutagen": {
      "version": "1.0.0",
      "resolved": "https://registry.npmjs.org/mutagen/-/mutagen-1.0.0.tgz",
      "integrity": "sha512-x+WrqqBOhPDxPOvRwG6M/PR/ug8XGvbDQ+Lw2xfhKscIkCjJLuxlftqOYSRxuCCVGszoBDxH84nXKhvoJacksA=="
    }
  }
}
